// !$*UTF8*$!
{
	archiveVersion = 1;
	classes = {
	};
	objectVersion = 46;
	objects = {

/* Begin PBXBuildFile section */
		196802691A34D48D00C8A9A1 /* CarCollectionCollectionViewController.swift in Sources */ = {isa = PBXBuildFile; fileRef = 196802681A34D48D00C8A9A1 /* CarCollectionCollectionViewController.swift */; };
		19A800241A34F24C00D93B19 /* CarsCollectionViewCell.swift in Sources */ = {isa = PBXBuildFile; fileRef = 19A800231A34F24C00D93B19 /* CarsCollectionViewCell.swift */; };
		19A800261A34F5D500D93B19 /* SelectCarProtocol.swift in Sources */ = {isa = PBXBuildFile; fileRef = 19A800251A34F5D500D93B19 /* SelectCarProtocol.swift */; };
		19A8002A1A3546C400D93B19 /* add_user-25.png in Resources */ = {isa = PBXBuildFile; fileRef = 19A800291A3546C300D93B19 /* add_user-25.png */; };
		19A8002C1A35481900D93B19 /* edit_user-50.png in Resources */ = {isa = PBXBuildFile; fileRef = 19A8002B1A35481900D93B19 /* edit_user-50.png */; };
		19A8002E1A35481F00D93B19 /* biohazard-50.png in Resources */ = {isa = PBXBuildFile; fileRef = 19A8002D1A35481F00D93B19 /* biohazard-50.png */; };
		19A800301A35482500D93B19 /* automatic-50.png in Resources */ = {isa = PBXBuildFile; fileRef = 19A8002F1A35482500D93B19 /* automatic-50.png */; };
		19A800321A354BEB00D93B19 /* carpool-50.png in Resources */ = {isa = PBXBuildFile; fileRef = 19A800311A354BEB00D93B19 /* carpool-50.png */; };
		9C0654AB1A2EA134009D79AE /* UsersCollectionViewController.swift in Sources */ = {isa = PBXBuildFile; fileRef = 9C0654AA1A2EA134009D79AE /* UsersCollectionViewController.swift */; };
		9C0654AF1A2EA178009D79AE /* UserCollectionViewCell.swift in Sources */ = {isa = PBXBuildFile; fileRef = 9C0654AE1A2EA178009D79AE /* UserCollectionViewCell.swift */; };
		9C2557881A3026900082E2F9 /* MyCars.swift in Sources */ = {isa = PBXBuildFile; fileRef = 9C2557871A3026900082E2F9 /* MyCars.swift */; };
		9C25578A1A3026910082E2F9 /* Owners.swift in Sources */ = {isa = PBXBuildFile; fileRef = 9C2557891A3026910082E2F9 /* Owners.swift */; };
		9C32E0EC1A2B7778000A9908 /* ProfileViewController.swift in Sources */ = {isa = PBXBuildFile; fileRef = 9C32E0EB1A2B7778000A9908 /* ProfileViewController.swift */; };
		9C4B87F31A3140CD00292FCD /* CustomHeader.swift in Sources */ = {isa = PBXBuildFile; fileRef = 9C4B87F21A3140CD00292FCD /* CustomHeader.swift */; };
		9C6062AF1A2EA6630087E3E0 /* Foundation.framework in Frameworks */ = {isa = PBXBuildFile; fileRef = 9C6062AE1A2EA6630087E3E0 /* Foundation.framework */; };
		9C8692D81A33CF6C00F48801 /* GasStationWithPrice.swift in Sources */ = {isa = PBXBuildFile; fileRef = 9C8692D71A33CF6C00F48801 /* GasStationWithPrice.swift */; };
		9C8BB9231A3292A0008DACDB /* CarDetailsViewController.swift in Sources */ = {isa = PBXBuildFile; fileRef = 9C8BB9221A3292A0008DACDB /* CarDetailsViewController.swift */; };
		9C8F2D8D1A2A7FD5000C05AF /* LoginScreen.swift in Sources */ = {isa = PBXBuildFile; fileRef = 9C8F2D8C1A2A7FD5000C05AF /* LoginScreen.swift */; };
		9C8F2D8F1A2A8126000C05AF /* OwnersExtension.swift in Sources */ = {isa = PBXBuildFile; fileRef = 9C8F2D8E1A2A8126000C05AF /* OwnersExtension.swift */; };
		9CAFEC1C1A34C2E700167043 /* UnitConverter.swift in Sources */ = {isa = PBXBuildFile; fileRef = 9CAFEC1B1A34C2E700167043 /* UnitConverter.swift */; };
		9CAFEC1F1A34CD3600167043 /* SettingExtension.swift in Sources */ = {isa = PBXBuildFile; fileRef = 9CAFEC1E1A34CD3600167043 /* SettingExtension.swift */; };
		9CB9CCEA1A32D319007AF583 /* UIImageViewExtension.swift in Sources */ = {isa = PBXBuildFile; fileRef = 9CB9CCE91A32D319007AF583 /* UIImageViewExtension.swift */; };
		9CD0C9B11A30A45500DA7030 /* SelectUserProtocol.swift in Sources */ = {isa = PBXBuildFile; fileRef = 9CD0C9B01A30A45500DA7030 /* SelectUserProtocol.swift */; };
		9CEB8EA91A2A2D370009105C /* CarMapViewController.swift in Sources */ = {isa = PBXBuildFile; fileRef = 9CEB8EA81A2A2D370009105C /* CarMapViewController.swift */; };
		9CEB8EAB1A2A2D460009105C /* MapKit.framework in Frameworks */ = {isa = PBXBuildFile; fileRef = 9CEB8EAA1A2A2D460009105C /* MapKit.framework */; };
		9CEB8EB41A2A2FC50009105C /* Extensions Gas And Service Stations.swift in Sources */ = {isa = PBXBuildFile; fileRef = 9CEB8EB31A2A2FC50009105C /* Extensions Gas And Service Stations.swift */; };
		9CEB8EB61A2A30E20009105C /* GasStations.swift in Sources */ = {isa = PBXBuildFile; fileRef = 9CEB8EB51A2A30E20009105C /* GasStations.swift */; };
		9CEB8EB81A2A30E30009105C /* ServiceStations.swift in Sources */ = {isa = PBXBuildFile; fileRef = 9CEB8EB71A2A30E30009105C /* ServiceStations.swift */; };
		D406166A1A1D4B8A0061F951 /* AppDelegate.swift in Sources */ = {isa = PBXBuildFile; fileRef = D40616691A1D4B8A0061F951 /* AppDelegate.swift */; };
		D406166D1A1D4B8A0061F951 /* CarsApp.xcdatamodeld in Sources */ = {isa = PBXBuildFile; fileRef = D406166B1A1D4B8A0061F951 /* CarsApp.xcdatamodeld */; };
		D40616721A1D4B8A0061F951 /* Main.storyboard in Resources */ = {isa = PBXBuildFile; fileRef = D40616701A1D4B8A0061F951 /* Main.storyboard */; };
		D40616741A1D4B8A0061F951 /* Images.xcassets in Resources */ = {isa = PBXBuildFile; fileRef = D40616731A1D4B8A0061F951 /* Images.xcassets */; };
		D40616771A1D4B8A0061F951 /* LaunchScreen.xib in Resources */ = {isa = PBXBuildFile; fileRef = D40616751A1D4B8A0061F951 /* LaunchScreen.xib */; };
		D40616831A1D4B8A0061F951 /* CarsAppTests.swift in Sources */ = {isa = PBXBuildFile; fileRef = D40616821A1D4B8A0061F951 /* CarsAppTests.swift */; };
		D4538F8F1A20899B0016A05A /* AddCarsViewController.swift in Sources */ = {isa = PBXBuildFile; fileRef = D4538F8E1A20899B0016A05A /* AddCarsViewController.swift */; };
		D4708FE71A2046D7000DB0BD /* MyCarsViewController.swift in Sources */ = {isa = PBXBuildFile; fileRef = D4708FE61A2046D7000DB0BD /* MyCarsViewController.swift */; };
		D4708FED1A204D88000DB0BD /* tesla.jpg in Resources */ = {isa = PBXBuildFile; fileRef = D4708FEC1A204D88000DB0BD /* tesla.jpg */; };
		D4708FF01A206103000DB0BD /* hondaFit.jpg in Resources */ = {isa = PBXBuildFile; fileRef = D4708FEF1A206103000DB0BD /* hondaFit.jpg */; };
		D4708FF51A206DE5000DB0BD /* bmw.jpg in Resources */ = {isa = PBXBuildFile; fileRef = D4708FF31A206DE5000DB0BD /* bmw.jpg */; };
		D4708FF61A206DE5000DB0BD /* vwGolf.jpg in Resources */ = {isa = PBXBuildFile; fileRef = D4708FF41A206DE5000DB0BD /* vwGolf.jpg */; };
		D474EDD61A2AD482006BC562 /* CarsCVCell.swift in Sources */ = {isa = PBXBuildFile; fileRef = D474EDD41A2AD482006BC562 /* CarsCVCell.swift */; };
		D474EDD71A2AD482006BC562 /* CarsCVCell.xib in Resources */ = {isa = PBXBuildFile; fileRef = D474EDD51A2AD482006BC562 /* CarsCVCell.xib */; };
		D4856A751A3241B0009C9356 /* Setting.swift in Sources */ = {isa = PBXBuildFile; fileRef = D4856A741A3241B0009C9356 /* Setting.swift */; };
		D49304531A270B2C006B7921 /* UIImageExtension.swift in Sources */ = {isa = PBXBuildFile; fileRef = D49304521A270B2C006B7921 /* UIImageExtension.swift */; };
		D4B3DFFD1A2ADB4400B44089 /* gas_station-50.png in Resources */ = {isa = PBXBuildFile; fileRef = D4B3DFFA1A2ADB4400B44089 /* gas_station-50.png */; };
		D4B3DFFE1A2ADB4400B44089 /* portrait_mode-50.png in Resources */ = {isa = PBXBuildFile; fileRef = D4B3DFFB1A2ADB4400B44089 /* portrait_mode-50.png */; };
		D4B3DFFF1A2ADB4400B44089 /* slr_small_lens-50.png in Resources */ = {isa = PBXBuildFile; fileRef = D4B3DFFC1A2ADB4400B44089 /* slr_small_lens-50.png */; };
		D4B3E0031A2ADB5A00B44089 /* ProfileTableViewController.swift in Sources */ = {isa = PBXBuildFile; fileRef = D4B3E0011A2ADB5A00B44089 /* ProfileTableViewController.swift */; };
		D4B3E0081A2ADE5D00B44089 /* ProfileTableViewCell.swift in Sources */ = {isa = PBXBuildFile; fileRef = D4B3E0061A2ADE5D00B44089 /* ProfileTableViewCell.swift */; };
		D4B3E0091A2ADE5D00B44089 /* ProfileTableViewCell.xib in Resources */ = {isa = PBXBuildFile; fileRef = D4B3E0071A2ADE5D00B44089 /* ProfileTableViewCell.xib */; };
		D4C529391A2FEAB40081B9AB /* AddNewProfileViewController.swift in Sources */ = {isa = PBXBuildFile; fileRef = D4C529381A2FEAB40081B9AB /* AddNewProfileViewController.swift */; };
		D4C7F5551A29834C000F0391 /* Unknown.jpg in Resources */ = {isa = PBXBuildFile; fileRef = D4C7F5541A29834C000F0391 /* Unknown.jpg */; };
		D4D816011A33E94E001D801C /* SettingViewController.swift in Sources */ = {isa = PBXBuildFile; fileRef = D4D816001A33E94E001D801C /* SettingViewController.swift */; };
/* End PBXBuildFile section */

/* Begin PBXContainerItemProxy section */
		D406167D1A1D4B8A0061F951 /* PBXContainerItemProxy */ = {
			isa = PBXContainerItemProxy;
			containerPortal = D406165C1A1D4B8A0061F951 /* Project object */;
			proxyType = 1;
			remoteGlobalIDString = D40616631A1D4B8A0061F951;
			remoteInfo = CarsApp;
		};
/* End PBXContainerItemProxy section */

/* Begin PBXFileReference section */
		196802681A34D48D00C8A9A1 /* CarCollectionCollectionViewController.swift */ = {isa = PBXFileReference; fileEncoding = 4; lastKnownFileType = sourcecode.swift; path = CarCollectionCollectionViewController.swift; sourceTree = "<group>"; };
		19A800231A34F24C00D93B19 /* CarsCollectionViewCell.swift */ = {isa = PBXFileReference; fileEncoding = 4; lastKnownFileType = sourcecode.swift; path = CarsCollectionViewCell.swift; sourceTree = "<group>"; };
		19A800251A34F5D500D93B19 /* SelectCarProtocol.swift */ = {isa = PBXFileReference; fileEncoding = 4; lastKnownFileType = sourcecode.swift; path = SelectCarProtocol.swift; sourceTree = "<group>"; };
		19A800291A3546C300D93B19 /* add_user-25.png */ = {isa = PBXFileReference; lastKnownFileType = image.png; path = "add_user-25.png"; sourceTree = "<group>"; };
		19A8002B1A35481900D93B19 /* edit_user-50.png */ = {isa = PBXFileReference; lastKnownFileType = image.png; path = "edit_user-50.png"; sourceTree = "<group>"; };
		19A8002D1A35481F00D93B19 /* biohazard-50.png */ = {isa = PBXFileReference; lastKnownFileType = image.png; path = "biohazard-50.png"; sourceTree = "<group>"; };
		19A8002F1A35482500D93B19 /* automatic-50.png */ = {isa = PBXFileReference; lastKnownFileType = image.png; path = "automatic-50.png"; sourceTree = "<group>"; };
		19A800311A354BEB00D93B19 /* carpool-50.png */ = {isa = PBXFileReference; lastKnownFileType = image.png; path = "carpool-50.png"; sourceTree = "<group>"; };
		9C0654AA1A2EA134009D79AE /* UsersCollectionViewController.swift */ = {isa = PBXFileReference; fileEncoding = 4; lastKnownFileType = sourcecode.swift; path = UsersCollectionViewController.swift; sourceTree = "<group>"; };
		9C0654AE1A2EA178009D79AE /* UserCollectionViewCell.swift */ = {isa = PBXFileReference; fileEncoding = 4; lastKnownFileType = sourcecode.swift; path = UserCollectionViewCell.swift; sourceTree = "<group>"; };
		9C2557871A3026900082E2F9 /* MyCars.swift */ = {isa = PBXFileReference; fileEncoding = 4; lastKnownFileType = sourcecode.swift; path = MyCars.swift; sourceTree = "<group>"; };
		9C2557891A3026910082E2F9 /* Owners.swift */ = {isa = PBXFileReference; fileEncoding = 4; lastKnownFileType = sourcecode.swift; path = Owners.swift; sourceTree = "<group>"; };
		9C32E0EB1A2B7778000A9908 /* ProfileViewController.swift */ = {isa = PBXFileReference; fileEncoding = 4; lastKnownFileType = sourcecode.swift; path = ProfileViewController.swift; sourceTree = "<group>"; };
		9C4B87F21A3140CD00292FCD /* CustomHeader.swift */ = {isa = PBXFileReference; fileEncoding = 4; lastKnownFileType = sourcecode.swift; path = CustomHeader.swift; sourceTree = "<group>"; };
		9C6062AE1A2EA6630087E3E0 /* Foundation.framework */ = {isa = PBXFileReference; lastKnownFileType = wrapper.framework; name = Foundation.framework; path = System/Library/Frameworks/Foundation.framework; sourceTree = SDKROOT; };
		9C8692D71A33CF6C00F48801 /* GasStationWithPrice.swift */ = {isa = PBXFileReference; fileEncoding = 4; lastKnownFileType = sourcecode.swift; path = GasStationWithPrice.swift; sourceTree = "<group>"; };
		9C8BB9221A3292A0008DACDB /* CarDetailsViewController.swift */ = {isa = PBXFileReference; fileEncoding = 4; lastKnownFileType = sourcecode.swift; path = CarDetailsViewController.swift; sourceTree = "<group>"; };
		9C8F2D8C1A2A7FD5000C05AF /* LoginScreen.swift */ = {isa = PBXFileReference; fileEncoding = 4; lastKnownFileType = sourcecode.swift; path = LoginScreen.swift; sourceTree = "<group>"; };
		9C8F2D8E1A2A8126000C05AF /* OwnersExtension.swift */ = {isa = PBXFileReference; fileEncoding = 4; lastKnownFileType = sourcecode.swift; path = OwnersExtension.swift; sourceTree = "<group>"; };
		9CAFEC1B1A34C2E700167043 /* UnitConverter.swift */ = {isa = PBXFileReference; fileEncoding = 4; lastKnownFileType = sourcecode.swift; path = UnitConverter.swift; sourceTree = "<group>"; };
		9CAFEC1E1A34CD3600167043 /* SettingExtension.swift */ = {isa = PBXFileReference; fileEncoding = 4; lastKnownFileType = sourcecode.swift; path = SettingExtension.swift; sourceTree = "<group>"; };
		9CB9CCE91A32D319007AF583 /* UIImageViewExtension.swift */ = {isa = PBXFileReference; fileEncoding = 4; lastKnownFileType = sourcecode.swift; path = UIImageViewExtension.swift; sourceTree = "<group>"; };
		9CD0C9B01A30A45500DA7030 /* SelectUserProtocol.swift */ = {isa = PBXFileReference; fileEncoding = 4; lastKnownFileType = sourcecode.swift; path = SelectUserProtocol.swift; sourceTree = "<group>"; };
		9CEB8EA81A2A2D370009105C /* CarMapViewController.swift */ = {isa = PBXFileReference; fileEncoding = 4; lastKnownFileType = sourcecode.swift; path = CarMapViewController.swift; sourceTree = "<group>"; };
		9CEB8EAA1A2A2D460009105C /* MapKit.framework */ = {isa = PBXFileReference; lastKnownFileType = wrapper.framework; name = MapKit.framework; path = System/Library/Frameworks/MapKit.framework; sourceTree = SDKROOT; };
		9CEB8EB31A2A2FC50009105C /* Extensions Gas And Service Stations.swift */ = {isa = PBXFileReference; fileEncoding = 4; lastKnownFileType = sourcecode.swift; path = "Extensions Gas And Service Stations.swift"; sourceTree = "<group>"; };
		9CEB8EB51A2A30E20009105C /* GasStations.swift */ = {isa = PBXFileReference; fileEncoding = 4; lastKnownFileType = sourcecode.swift; path = GasStations.swift; sourceTree = "<group>"; };
		9CEB8EB71A2A30E30009105C /* ServiceStations.swift */ = {isa = PBXFileReference; fileEncoding = 4; lastKnownFileType = sourcecode.swift; path = ServiceStations.swift; sourceTree = "<group>"; };
		D40616641A1D4B8A0061F951 /* CarsApp.app */ = {isa = PBXFileReference; explicitFileType = wrapper.application; includeInIndex = 0; path = CarsApp.app; sourceTree = BUILT_PRODUCTS_DIR; };
		D40616681A1D4B8A0061F951 /* Info.plist */ = {isa = PBXFileReference; lastKnownFileType = text.plist.xml; path = Info.plist; sourceTree = "<group>"; };
		D40616691A1D4B8A0061F951 /* AppDelegate.swift */ = {isa = PBXFileReference; lastKnownFileType = sourcecode.swift; path = AppDelegate.swift; sourceTree = "<group>"; };
		D406166C1A1D4B8A0061F951 /* CarsApp.xcdatamodel */ = {isa = PBXFileReference; lastKnownFileType = wrapper.xcdatamodel; path = CarsApp.xcdatamodel; sourceTree = "<group>"; };
		D40616711A1D4B8A0061F951 /* Base */ = {isa = PBXFileReference; lastKnownFileType = file.storyboard; name = Base; path = Base.lproj/Main.storyboard; sourceTree = "<group>"; };
		D40616731A1D4B8A0061F951 /* Images.xcassets */ = {isa = PBXFileReference; lastKnownFileType = folder.assetcatalog; path = Images.xcassets; sourceTree = "<group>"; };
		D40616761A1D4B8A0061F951 /* Base */ = {isa = PBXFileReference; lastKnownFileType = file.xib; name = Base; path = Base.lproj/LaunchScreen.xib; sourceTree = "<group>"; };
		D406167C1A1D4B8A0061F951 /* CarsAppTests.xctest */ = {isa = PBXFileReference; explicitFileType = wrapper.cfbundle; includeInIndex = 0; path = CarsAppTests.xctest; sourceTree = BUILT_PRODUCTS_DIR; };
		D40616811A1D4B8A0061F951 /* Info.plist */ = {isa = PBXFileReference; lastKnownFileType = text.plist.xml; path = Info.plist; sourceTree = "<group>"; };
		D40616821A1D4B8A0061F951 /* CarsAppTests.swift */ = {isa = PBXFileReference; lastKnownFileType = sourcecode.swift; path = CarsAppTests.swift; sourceTree = "<group>"; };
		D4538F8E1A20899B0016A05A /* AddCarsViewController.swift */ = {isa = PBXFileReference; fileEncoding = 4; lastKnownFileType = sourcecode.swift; name = AddCarsViewController.swift; path = ../AddCarsViewController.swift; sourceTree = "<group>"; };
		D4708FE61A2046D7000DB0BD /* MyCarsViewController.swift */ = {isa = PBXFileReference; fileEncoding = 4; lastKnownFileType = sourcecode.swift; name = MyCarsViewController.swift; path = ../MyCarsViewController.swift; sourceTree = "<group>"; };
		D4708FEC1A204D88000DB0BD /* tesla.jpg */ = {isa = PBXFileReference; lastKnownFileType = image.jpeg; path = tesla.jpg; sourceTree = "<group>"; };
		D4708FEF1A206103000DB0BD /* hondaFit.jpg */ = {isa = PBXFileReference; lastKnownFileType = image.jpeg; path = hondaFit.jpg; sourceTree = "<group>"; };
		D4708FF31A206DE5000DB0BD /* bmw.jpg */ = {isa = PBXFileReference; lastKnownFileType = image.jpeg; path = bmw.jpg; sourceTree = "<group>"; };
		D4708FF41A206DE5000DB0BD /* vwGolf.jpg */ = {isa = PBXFileReference; lastKnownFileType = image.jpeg; path = vwGolf.jpg; sourceTree = "<group>"; };
		D474EDD41A2AD482006BC562 /* CarsCVCell.swift */ = {isa = PBXFileReference; fileEncoding = 4; lastKnownFileType = sourcecode.swift; path = CarsCVCell.swift; sourceTree = "<group>"; };
		D474EDD51A2AD482006BC562 /* CarsCVCell.xib */ = {isa = PBXFileReference; fileEncoding = 4; lastKnownFileType = file.xib; path = CarsCVCell.xib; sourceTree = "<group>"; };
		D4856A741A3241B0009C9356 /* Setting.swift */ = {isa = PBXFileReference; fileEncoding = 4; lastKnownFileType = sourcecode.swift; path = Setting.swift; sourceTree = "<group>"; };
		D49304521A270B2C006B7921 /* UIImageExtension.swift */ = {isa = PBXFileReference; fileEncoding = 4; lastKnownFileType = sourcecode.swift; path = UIImageExtension.swift; sourceTree = "<group>"; };
		D4B3DFFA1A2ADB4400B44089 /* gas_station-50.png */ = {isa = PBXFileReference; lastKnownFileType = image.png; path = "gas_station-50.png"; sourceTree = "<group>"; };
		D4B3DFFB1A2ADB4400B44089 /* portrait_mode-50.png */ = {isa = PBXFileReference; lastKnownFileType = image.png; path = "portrait_mode-50.png"; sourceTree = "<group>"; };
		D4B3DFFC1A2ADB4400B44089 /* slr_small_lens-50.png */ = {isa = PBXFileReference; lastKnownFileType = image.png; path = "slr_small_lens-50.png"; sourceTree = "<group>"; };
		D4B3E0011A2ADB5A00B44089 /* ProfileTableViewController.swift */ = {isa = PBXFileReference; fileEncoding = 4; lastKnownFileType = sourcecode.swift; path = ProfileTableViewController.swift; sourceTree = "<group>"; };
		D4B3E0061A2ADE5D00B44089 /* ProfileTableViewCell.swift */ = {isa = PBXFileReference; fileEncoding = 4; lastKnownFileType = sourcecode.swift; name = ProfileTableViewCell.swift; path = ../ProfileTableViewCell.swift; sourceTree = "<group>"; };
		D4B3E0071A2ADE5D00B44089 /* ProfileTableViewCell.xib */ = {isa = PBXFileReference; fileEncoding = 4; lastKnownFileType = file.xib; name = ProfileTableViewCell.xib; path = ../ProfileTableViewCell.xib; sourceTree = "<group>"; };
		D4C529381A2FEAB40081B9AB /* AddNewProfileViewController.swift */ = {isa = PBXFileReference; fileEncoding = 4; lastKnownFileType = sourcecode.swift; path = AddNewProfileViewController.swift; sourceTree = "<group>"; };
		D4C7F5541A29834C000F0391 /* Unknown.jpg */ = {isa = PBXFileReference; lastKnownFileType = image.jpeg; path = Unknown.jpg; sourceTree = "<group>"; };
		D4D816001A33E94E001D801C /* SettingViewController.swift */ = {isa = PBXFileReference; fileEncoding = 4; lastKnownFileType = sourcecode.swift; path = SettingViewController.swift; sourceTree = "<group>"; };
/* End PBXFileReference section */

/* Begin PBXFrameworksBuildPhase section */
		D40616611A1D4B8A0061F951 /* Frameworks */ = {
			isa = PBXFrameworksBuildPhase;
			buildActionMask = 2147483647;
			files = (
				9C6062AF1A2EA6630087E3E0 /* Foundation.framework in Frameworks */,
				9CEB8EAB1A2A2D460009105C /* MapKit.framework in Frameworks */,
			);
			runOnlyForDeploymentPostprocessing = 0;
		};
		D40616791A1D4B8A0061F951 /* Frameworks */ = {
			isa = PBXFrameworksBuildPhase;
			buildActionMask = 2147483647;
			files = (
			);
			runOnlyForDeploymentPostprocessing = 0;
		};
/* End PBXFrameworksBuildPhase section */

/* Begin PBXGroup section */
		9C0654AC1A2EA13D009D79AE /* Main View */ = {
			isa = PBXGroup;
			children = (
				9C8AE6DB1A34DECE000D672E /* My Cars View Controller */,
				9C8BB9241A3292AD008DACDB /* Car Details View Controller */,
				9C8AE6DA1A34DEB6000D672E /* Add Cars View Controller */,
				9C0654AD1A2EA144009D79AE /* Users Collection View Controller */,
			);
			name = "Main View";
			sourceTree = "<group>";
		};
		9C0654AD1A2EA144009D79AE /* Users Collection View Controller */ = {
			isa = PBXGroup;
			children = (
				9C0654AA1A2EA134009D79AE /* UsersCollectionViewController.swift */,
				9C0654AE1A2EA178009D79AE /* UserCollectionViewCell.swift */,
				9CD0C9B01A30A45500DA7030 /* SelectUserProtocol.swift */,
			);
			name = "Users Collection View Controller";
			sourceTree = "<group>";
		};
		9C8AE6DA1A34DEB6000D672E /* Add Cars View Controller */ = {
			isa = PBXGroup;
			children = (
				D4538F8E1A20899B0016A05A /* AddCarsViewController.swift */,
			);
			name = "Add Cars View Controller";
			sourceTree = "<group>";
		};
		9C8AE6DB1A34DECE000D672E /* My Cars View Controller */ = {
			isa = PBXGroup;
			children = (
				D4708FE61A2046D7000DB0BD /* MyCarsViewController.swift */,
				9C4B87F21A3140CD00292FCD /* CustomHeader.swift */,
				D474EDD41A2AD482006BC562 /* CarsCVCell.swift */,
				D474EDD51A2AD482006BC562 /* CarsCVCell.xib */,
			);
			name = "My Cars View Controller";
			sourceTree = "<group>";
		};
		9C8BB9241A3292AD008DACDB /* Car Details View Controller */ = {
			isa = PBXGroup;
			children = (
				9C8BB9221A3292A0008DACDB /* CarDetailsViewController.swift */,
			);
			name = "Car Details View Controller";
			sourceTree = "<group>";
		};
		9C8F2D921A2A8920000C05AF /* Login Screen */ = {
			isa = PBXGroup;
			children = (
				9C8F2D8C1A2A7FD5000C05AF /* LoginScreen.swift */,
			);
			name = "Login Screen";
			sourceTree = "<group>";
		};
		9CAFEC1D1A34C4F800167043 /* Supporting Classes */ = {
			isa = PBXGroup;
			children = (
				9CB9CCE91A32D319007AF583 /* UIImageViewExtension.swift */,
				9CAFEC1B1A34C2E700167043 /* UnitConverter.swift */,
				D49304521A270B2C006B7921 /* UIImageExtension.swift */,
			);
			name = "Supporting Classes";
			sourceTree = "<group>";
		};
		9CEB8EAC1A2A2D640009105C /* Map Tab */ = {
			isa = PBXGroup;
			children = (
				9CEB8EA81A2A2D370009105C /* CarMapViewController.swift */,
				9C8692D71A33CF6C00F48801 /* GasStationWithPrice.swift */,
			);
			name = "Map Tab";
			sourceTree = "<group>";
		};
		9CEB8EB91A2A4CCB0009105C /* Core Data */ = {
			isa = PBXGroup;
			children = (
				D406166B1A1D4B8A0061F951 /* CarsApp.xcdatamodeld */,
				9C2557891A3026910082E2F9 /* Owners.swift */,
				9C2557871A3026900082E2F9 /* MyCars.swift */,
				9C8F2D8E1A2A8126000C05AF /* OwnersExtension.swift */,
				9CEB8EB71A2A30E30009105C /* ServiceStations.swift */,
				9CEB8EB51A2A30E20009105C /* GasStations.swift */,
				9CEB8EB31A2A2FC50009105C /* Extensions Gas And Service Stations.swift */,
				D4856A741A3241B0009C9356 /* Setting.swift */,
				9CAFEC1E1A34CD3600167043 /* SettingExtension.swift */,
			);
			name = "Core Data";
			sourceTree = "<group>";
		};
		9CF5AF201A363418005F3893 /* Add New Profile View Controller */ = {
			isa = PBXGroup;
			children = (
				D4C529381A2FEAB40081B9AB /* AddNewProfileViewController.swift */,
			);
			name = "Add New Profile View Controller";
			sourceTree = "<group>";
		};
		9CFFF6141A3575A8002D6F33 /* Cars Collection View Controller */ = {
			isa = PBXGroup;
			children = (
				196802681A34D48D00C8A9A1 /* CarCollectionCollectionViewController.swift */,
				19A800231A34F24C00D93B19 /* CarsCollectionViewCell.swift */,
			);
			name = "Cars Collection View Controller";
			sourceTree = "<group>";
		};
		9CFFF6151A3575BF002D6F33 /* Profile Table View Controller */ = {
			isa = PBXGroup;
			children = (
				D4B3E0011A2ADB5A00B44089 /* ProfileTableViewController.swift */,
				D4B3E0061A2ADE5D00B44089 /* ProfileTableViewCell.swift */,
				D4B3E0071A2ADE5D00B44089 /* ProfileTableViewCell.xib */,
			);
			name = "Profile Table View Controller";
			sourceTree = "<group>";
		};
		D406165B1A1D4B8A0061F951 = {
			isa = PBXGroup;
			children = (
				D40616661A1D4B8A0061F951 /* CarsApp */,
				9C6062AE1A2EA6630087E3E0 /* Foundation.framework */,
				9CEB8EAA1A2A2D460009105C /* MapKit.framework */,
				D406167F1A1D4B8A0061F951 /* CarsAppTests */,
				D40616651A1D4B8A0061F951 /* Products */,
			);
			sourceTree = "<group>";
		};
		D40616651A1D4B8A0061F951 /* Products */ = {
			isa = PBXGroup;
			children = (
				D40616641A1D4B8A0061F951 /* CarsApp.app */,
				D406167C1A1D4B8A0061F951 /* CarsAppTests.xctest */,
			);
			name = Products;
			sourceTree = "<group>";
		};
		D40616661A1D4B8A0061F951 /* CarsApp */ = {
			isa = PBXGroup;
			children = (
				D40616701A1D4B8A0061F951 /* Main.storyboard */,
				D40616731A1D4B8A0061F951 /* Images.xcassets */,
				D40616751A1D4B8A0061F951 /* LaunchScreen.xib */,
				D40616691A1D4B8A0061F951 /* AppDelegate.swift */,
				9C8F2D921A2A8920000C05AF /* Login Screen */,
				D4538F901A2089BA0016A05A /* My Cars Tab */,
				9CEB8EAC1A2A2D640009105C /* Map Tab */,
				D4538F911A2089F00016A05A /* Profile Tab */,
				D4856A6D1A323683009C9356 /* Settings Tab */,
				9CEB8EB91A2A4CCB0009105C /* Core Data */,
				9CAFEC1D1A34C4F800167043 /* Supporting Classes */,
				D4708FEE1A2060DA000DB0BD /* images */,
				D40616671A1D4B8A0061F951 /* Supporting Files */,
			);
			path = CarsApp;
			sourceTree = "<group>";
		};
		D40616671A1D4B8A0061F951 /* Supporting Files */ = {
			isa = PBXGroup;
			children = (
				D40616681A1D4B8A0061F951 /* Info.plist */,
			);
			name = "Supporting Files";
			sourceTree = "<group>";
		};
		D406167F1A1D4B8A0061F951 /* CarsAppTests */ = {
			isa = PBXGroup;
			children = (
				D40616821A1D4B8A0061F951 /* CarsAppTests.swift */,
				D40616801A1D4B8A0061F951 /* Supporting Files */,
			);
			path = CarsAppTests;
			sourceTree = "<group>";
		};
		D40616801A1D4B8A0061F951 /* Supporting Files */ = {
			isa = PBXGroup;
			children = (
				D40616811A1D4B8A0061F951 /* Info.plist */,
			);
			name = "Supporting Files";
			sourceTree = "<group>";
		};
		D4538F901A2089BA0016A05A /* My Cars Tab */ = {
			isa = PBXGroup;
			children = (
				9C0654AC1A2EA13D009D79AE /* Main View */,
			);
			name = "My Cars Tab";
			sourceTree = "<group>";
		};
		D4538F911A2089F00016A05A /* Profile Tab */ = {
			isa = PBXGroup;
			children = (
				9C32E0EB1A2B7778000A9908 /* ProfileViewController.swift */,
				19A800251A34F5D500D93B19 /* SelectCarProtocol.swift */,
				9CF5AF201A363418005F3893 /* Add New Profile View Controller */,
				9CFFF6151A3575BF002D6F33 /* Profile Table View Controller */,
				9CFFF6141A3575A8002D6F33 /* Cars Collection View Controller */,
			);
			name = "Profile Tab";
			sourceTree = "<group>";
		};
		D4708FEE1A2060DA000DB0BD /* images */ = {
			isa = PBXGroup;
			children = (
				D4B3DFFA1A2ADB4400B44089 /* gas_station-50.png */,
				D4B3DFFB1A2ADB4400B44089 /* portrait_mode-50.png */,
				19A8002D1A35481F00D93B19 /* biohazard-50.png */,
				D4B3DFFC1A2ADB4400B44089 /* slr_small_lens-50.png */,
				19A8002F1A35482500D93B19 /* automatic-50.png */,
				19A8002B1A35481900D93B19 /* edit_user-50.png */,
				19A800291A3546C300D93B19 /* add_user-25.png */,
				D4708FF31A206DE5000DB0BD /* bmw.jpg */,
				19A800311A354BEB00D93B19 /* carpool-50.png */,
				D4708FF41A206DE5000DB0BD /* vwGolf.jpg */,
				D4708FEF1A206103000DB0BD /* hondaFit.jpg */,
				D4708FEC1A204D88000DB0BD /* tesla.jpg */,
				D4C7F5541A29834C000F0391 /* Unknown.jpg */,
			);
			name = images;
			sourceTree = "<group>";
		};
		D4856A6D1A323683009C9356 /* Settings Tab */ = {
			isa = PBXGroup;
			children = (
				D4D816001A33E94E001D801C /* SettingViewController.swift */,
			);
			name = "Settings Tab";
			sourceTree = "<group>";
		};
/* End PBXGroup section */

/* Begin PBXNativeTarget section */
		D40616631A1D4B8A0061F951 /* CarsApp */ = {
			isa = PBXNativeTarget;
			buildConfigurationList = D40616861A1D4B8A0061F951 /* Build configuration list for PBXNativeTarget "CarsApp" */;
			buildPhases = (
				D40616601A1D4B8A0061F951 /* Sources */,
				D40616611A1D4B8A0061F951 /* Frameworks */,
				D40616621A1D4B8A0061F951 /* Resources */,
			);
			buildRules = (
			);
			dependencies = (
			);
			name = CarsApp;
			productName = CarsApp;
			productReference = D40616641A1D4B8A0061F951 /* CarsApp.app */;
			productType = "com.apple.product-type.application";
		};
		D406167B1A1D4B8A0061F951 /* CarsAppTests */ = {
			isa = PBXNativeTarget;
			buildConfigurationList = D40616891A1D4B8A0061F951 /* Build configuration list for PBXNativeTarget "CarsAppTests" */;
			buildPhases = (
				D40616781A1D4B8A0061F951 /* Sources */,
				D40616791A1D4B8A0061F951 /* Frameworks */,
				D406167A1A1D4B8A0061F951 /* Resources */,
			);
			buildRules = (
			);
			dependencies = (
				D406167E1A1D4B8A0061F951 /* PBXTargetDependency */,
			);
			name = CarsAppTests;
			productName = CarsAppTests;
			productReference = D406167C1A1D4B8A0061F951 /* CarsAppTests.xctest */;
			productType = "com.apple.product-type.bundle.unit-test";
		};
/* End PBXNativeTarget section */

/* Begin PBXProject section */
		D406165C1A1D4B8A0061F951 /* Project object */ = {
			isa = PBXProject;
			attributes = {
				LastUpgradeCheck = 0610;
				ORGANIZATIONNAME = DeAnza;
				TargetAttributes = {
					D40616631A1D4B8A0061F951 = {
						CreatedOnToolsVersion = 6.1;
						DevelopmentTeam = 7WVGN2PG33;
						SystemCapabilities = {
							com.apple.Maps.iOS = {
								enabled = 1;
							};
						};
					};
					D406167B1A1D4B8A0061F951 = {
						CreatedOnToolsVersion = 6.1;
						DevelopmentTeam = 7WVGN2PG33;
						TestTargetID = D40616631A1D4B8A0061F951;
					};
				};
			};
			buildConfigurationList = D406165F1A1D4B8A0061F951 /* Build configuration list for PBXProject "CarsApp" */;
			compatibilityVersion = "Xcode 3.2";
			developmentRegion = English;
			hasScannedForEncodings = 0;
			knownRegions = (
				en,
				Base,
			);
			mainGroup = D406165B1A1D4B8A0061F951;
			productRefGroup = D40616651A1D4B8A0061F951 /* Products */;
			projectDirPath = "";
			projectRoot = "";
			targets = (
				D40616631A1D4B8A0061F951 /* CarsApp */,
				D406167B1A1D4B8A0061F951 /* CarsAppTests */,
			);
		};
/* End PBXProject section */

/* Begin PBXResourcesBuildPhase section */
		D40616621A1D4B8A0061F951 /* Resources */ = {
			isa = PBXResourcesBuildPhase;
			buildActionMask = 2147483647;
			files = (
				D4708FF51A206DE5000DB0BD /* bmw.jpg in Resources */,
				D40616721A1D4B8A0061F951 /* Main.storyboard in Resources */,
				D4C7F5551A29834C000F0391 /* Unknown.jpg in Resources */,
				19A8002A1A3546C400D93B19 /* add_user-25.png in Resources */,
				D4708FED1A204D88000DB0BD /* tesla.jpg in Resources */,
				19A8002C1A35481900D93B19 /* edit_user-50.png in Resources */,
				D4B3DFFF1A2ADB4400B44089 /* slr_small_lens-50.png in Resources */,
				19A800301A35482500D93B19 /* automatic-50.png in Resources */,
				D474EDD71A2AD482006BC562 /* CarsCVCell.xib in Resources */,
				D4B3DFFD1A2ADB4400B44089 /* gas_station-50.png in Resources */,
				19A8002E1A35481F00D93B19 /* biohazard-50.png in Resources */,
				D4708FF61A206DE5000DB0BD /* vwGolf.jpg in Resources */,
				D40616771A1D4B8A0061F951 /* LaunchScreen.xib in Resources */,
				D4B3E0091A2ADE5D00B44089 /* ProfileTableViewCell.xib in Resources */,
				D40616741A1D4B8A0061F951 /* Images.xcassets in Resources */,
				19A800321A354BEB00D93B19 /* carpool-50.png in Resources */,
				D4708FF01A206103000DB0BD /* hondaFit.jpg in Resources */,
				D4B3DFFE1A2ADB4400B44089 /* portrait_mode-50.png in Resources */,
			);
			runOnlyForDeploymentPostprocessing = 0;
		};
		D406167A1A1D4B8A0061F951 /* Resources */ = {
			isa = PBXResourcesBuildPhase;
			buildActionMask = 2147483647;
			files = (
			);
			runOnlyForDeploymentPostprocessing = 0;
		};
/* End PBXResourcesBuildPhase section */

/* Begin PBXSourcesBuildPhase section */
		D40616601A1D4B8A0061F951 /* Sources */ = {
			isa = PBXSourcesBuildPhase;
			buildActionMask = 2147483647;
			files = (
				D406166D1A1D4B8A0061F951 /* CarsApp.xcdatamodeld in Sources */,
				9CAFEC1F1A34CD3600167043 /* SettingExtension.swift in Sources */,
				9C32E0EC1A2B7778000A9908 /* ProfileViewController.swift in Sources */,
				D4856A751A3241B0009C9356 /* Setting.swift in Sources */,
				D4D816011A33E94E001D801C /* SettingViewController.swift in Sources */,
				9C8F2D8F1A2A8126000C05AF /* OwnersExtension.swift in Sources */,
				196802691A34D48D00C8A9A1 /* CarCollectionCollectionViewController.swift in Sources */,
				D406166A1A1D4B8A0061F951 /* AppDelegate.swift in Sources */,
				9CEB8EB61A2A30E20009105C /* GasStations.swift in Sources */,
				9CEB8EB81A2A30E30009105C /* ServiceStations.swift in Sources */,
				9C8F2D8D1A2A7FD5000C05AF /* LoginScreen.swift in Sources */,
				9C0654AF1A2EA178009D79AE /* UserCollectionViewCell.swift in Sources */,
				9C8BB9231A3292A0008DACDB /* CarDetailsViewController.swift in Sources */,
				19A800241A34F24C00D93B19 /* CarsCollectionViewCell.swift in Sources */,
				D49304531A270B2C006B7921 /* UIImageExtension.swift in Sources */,
				D4B3E0031A2ADB5A00B44089 /* ProfileTableViewController.swift in Sources */,
				D474EDD61A2AD482006BC562 /* CarsCVCell.swift in Sources */,
				D4708FE71A2046D7000DB0BD /* MyCarsViewController.swift in Sources */,
				19A800261A34F5D500D93B19 /* SelectCarProtocol.swift in Sources */,
				D4C529391A2FEAB40081B9AB /* AddNewProfileViewController.swift in Sources */,
				D4B3E0081A2ADE5D00B44089 /* ProfileTableViewCell.swift in Sources */,
				9CEB8EB41A2A2FC50009105C /* Extensions Gas And Service Stations.swift in Sources */,
				9C8692D81A33CF6C00F48801 /* GasStationWithPrice.swift in Sources */,
				9C25578A1A3026910082E2F9 /* Owners.swift in Sources */,
				9CAFEC1C1A34C2E700167043 /* UnitConverter.swift in Sources */,
				9CD0C9B11A30A45500DA7030 /* SelectUserProtocol.swift in Sources */,
				9C4B87F31A3140CD00292FCD /* CustomHeader.swift in Sources */,
				9CB9CCEA1A32D319007AF583 /* UIImageViewExtension.swift in Sources */,
				D4538F8F1A20899B0016A05A /* AddCarsViewController.swift in Sources */,
				9CEB8EA91A2A2D370009105C /* CarMapViewController.swift in Sources */,
				9C2557881A3026900082E2F9 /* MyCars.swift in Sources */,
				9C0654AB1A2EA134009D79AE /* UsersCollectionViewController.swift in Sources */,
			);
			runOnlyForDeploymentPostprocessing = 0;
		};
		D40616781A1D4B8A0061F951 /* Sources */ = {
			isa = PBXSourcesBuildPhase;
			buildActionMask = 2147483647;
			files = (
				D40616831A1D4B8A0061F951 /* CarsAppTests.swift in Sources */,
			);
			runOnlyForDeploymentPostprocessing = 0;
		};
/* End PBXSourcesBuildPhase section */

/* Begin PBXTargetDependency section */
		D406167E1A1D4B8A0061F951 /* PBXTargetDependency */ = {
			isa = PBXTargetDependency;
			target = D40616631A1D4B8A0061F951 /* CarsApp */;
			targetProxy = D406167D1A1D4B8A0061F951 /* PBXContainerItemProxy */;
		};
/* End PBXTargetDependency section */

/* Begin PBXVariantGroup section */
		D40616701A1D4B8A0061F951 /* Main.storyboard */ = {
			isa = PBXVariantGroup;
			children = (
				D40616711A1D4B8A0061F951 /* Base */,
			);
			name = Main.storyboard;
			sourceTree = "<group>";
		};
		D40616751A1D4B8A0061F951 /* LaunchScreen.xib */ = {
			isa = PBXVariantGroup;
			children = (
				D40616761A1D4B8A0061F951 /* Base */,
			);
			name = LaunchScreen.xib;
			sourceTree = "<group>";
		};
/* End PBXVariantGroup section */

/* Begin XCBuildConfiguration section */
		D40616841A1D4B8A0061F951 /* Debug */ = {
			isa = XCBuildConfiguration;
			buildSettings = {
				ALWAYS_SEARCH_USER_PATHS = NO;
				CLANG_CXX_LANGUAGE_STANDARD = "gnu++0x";
				CLANG_CXX_LIBRARY = "libc++";
				CLANG_ENABLE_MODULES = YES;
				CLANG_ENABLE_OBJC_ARC = YES;
				CLANG_WARN_BOOL_CONVERSION = YES;
				CLANG_WARN_CONSTANT_CONVERSION = YES;
				CLANG_WARN_DIRECT_OBJC_ISA_USAGE = YES_ERROR;
				CLANG_WARN_EMPTY_BODY = YES;
				CLANG_WARN_ENUM_CONVERSION = YES;
				CLANG_WARN_INT_CONVERSION = YES;
				CLANG_WARN_OBJC_ROOT_CLASS = YES_ERROR;
				CLANG_WARN_UNREACHABLE_CODE = YES;
				CLANG_WARN__DUPLICATE_METHOD_MATCH = YES;
				"CODE_SIGN_IDENTITY[sdk=iphoneos*]" = "iPhone Developer";
				COPY_PHASE_STRIP = NO;
				ENABLE_STRICT_OBJC_MSGSEND = YES;
				GCC_C_LANGUAGE_STANDARD = gnu99;
				GCC_DYNAMIC_NO_PIC = NO;
				GCC_OPTIMIZATION_LEVEL = 0;
				GCC_PREPROCESSOR_DEFINITIONS = (
					"DEBUG=1",
					"$(inherited)",
				);
				GCC_SYMBOLS_PRIVATE_EXTERN = NO;
				GCC_WARN_64_TO_32_BIT_CONVERSION = YES;
				GCC_WARN_ABOUT_RETURN_TYPE = YES_ERROR;
				GCC_WARN_UNDECLARED_SELECTOR = YES;
				GCC_WARN_UNINITIALIZED_AUTOS = YES_AGGRESSIVE;
				GCC_WARN_UNUSED_FUNCTION = YES;
				GCC_WARN_UNUSED_VARIABLE = YES;
				IPHONEOS_DEPLOYMENT_TARGET = 8.1;
				MTL_ENABLE_DEBUG_INFO = YES;
				ONLY_ACTIVE_ARCH = YES;
				SDKROOT = iphoneos;
				SWIFT_OPTIMIZATION_LEVEL = "-Onone";
				TARGETED_DEVICE_FAMILY = "1,2";
			};
			name = Debug;
		};
		D40616851A1D4B8A0061F951 /* Release */ = {
			isa = XCBuildConfiguration;
			buildSettings = {
				ALWAYS_SEARCH_USER_PATHS = NO;
				CLANG_CXX_LANGUAGE_STANDARD = "gnu++0x";
				CLANG_CXX_LIBRARY = "libc++";
				CLANG_ENABLE_MODULES = YES;
				CLANG_ENABLE_OBJC_ARC = YES;
				CLANG_WARN_BOOL_CONVERSION = YES;
				CLANG_WARN_CONSTANT_CONVERSION = YES;
				CLANG_WARN_DIRECT_OBJC_ISA_USAGE = YES_ERROR;
				CLANG_WARN_EMPTY_BODY = YES;
				CLANG_WARN_ENUM_CONVERSION = YES;
				CLANG_WARN_INT_CONVERSION = YES;
				CLANG_WARN_OBJC_ROOT_CLASS = YES_ERROR;
				CLANG_WARN_UNREACHABLE_CODE = YES;
				CLANG_WARN__DUPLICATE_METHOD_MATCH = YES;
				"CODE_SIGN_IDENTITY[sdk=iphoneos*]" = "iPhone Developer";
				COPY_PHASE_STRIP = YES;
				ENABLE_NS_ASSERTIONS = NO;
				ENABLE_STRICT_OBJC_MSGSEND = YES;
				GCC_C_LANGUAGE_STANDARD = gnu99;
				GCC_WARN_64_TO_32_BIT_CONVERSION = YES;
				GCC_WARN_ABOUT_RETURN_TYPE = YES_ERROR;
				GCC_WARN_UNDECLARED_SELECTOR = YES;
				GCC_WARN_UNINITIALIZED_AUTOS = YES_AGGRESSIVE;
				GCC_WARN_UNUSED_FUNCTION = YES;
				GCC_WARN_UNUSED_VARIABLE = YES;
				IPHONEOS_DEPLOYMENT_TARGET = 8.1;
				MTL_ENABLE_DEBUG_INFO = NO;
				SDKROOT = iphoneos;
				TARGETED_DEVICE_FAMILY = "1,2";
				VALIDATE_PRODUCT = YES;
			};
			name = Release;
		};
		D40616871A1D4B8A0061F951 /* Debug */ = {
			isa = XCBuildConfiguration;
			buildSettings = {
				ASSETCATALOG_COMPILER_APPICON_NAME = AppIcon;
				CODE_SIGN_IDENTITY = "iPhone Developer";
				"CODE_SIGN_IDENTITY[sdk=iphoneos*]" = "iPhone Developer";
				INFOPLIST_FILE = CarsApp/Info.plist;
				IPHONEOS_DEPLOYMENT_TARGET = 8.1;
				LD_RUNPATH_SEARCH_PATHS = "$(inherited) @executable_path/Frameworks";
				PRODUCT_NAME = "$(TARGET_NAME)";
				PROVISIONING_PROFILE = "";
			};
			name = Debug;
		};
		D40616881A1D4B8A0061F951 /* Release */ = {
			isa = XCBuildConfiguration;
			buildSettings = {
				ASSETCATALOG_COMPILER_APPICON_NAME = AppIcon;
				CODE_SIGN_IDENTITY = "iPhone Developer";
				"CODE_SIGN_IDENTITY[sdk=iphoneos*]" = "iPhone Developer";
				INFOPLIST_FILE = CarsApp/Info.plist;
				IPHONEOS_DEPLOYMENT_TARGET = 8.1;
				LD_RUNPATH_SEARCH_PATHS = "$(inherited) @executable_path/Frameworks";
				PRODUCT_NAME = "$(TARGET_NAME)";
				PROVISIONING_PROFILE = "";
			};
			name = Release;
		};
		D406168A1A1D4B8A0061F951 /* Debug */ = {
			isa = XCBuildConfiguration;
			buildSettings = {
				BUNDLE_LOADER = "$(TEST_HOST)";
				FRAMEWORK_SEARCH_PATHS = (
					"$(SDKROOT)/Developer/Library/Frameworks",
					"$(inherited)",
				);
				GCC_PREPROCESSOR_DEFINITIONS = (
					"DEBUG=1",
					"$(inherited)",
				);
				INFOPLIST_FILE = CarsAppTests/Info.plist;
				LD_RUNPATH_SEARCH_PATHS = "$(inherited) @executable_path/Frameworks @loader_path/Frameworks";
				PRODUCT_NAME = "$(TARGET_NAME)";
				TEST_HOST = "$(BUILT_PRODUCTS_DIR)/CarsApp.app/CarsApp";
			};
			name = Debug;
		};
		D406168B1A1D4B8A0061F951 /* Release */ = {
			isa = XCBuildConfiguration;
			buildSettings = {
				BUNDLE_LOADER = "$(TEST_HOST)";
				FRAMEWORK_SEARCH_PATHS = (
					"$(SDKROOT)/Developer/Library/Frameworks",
					"$(inherited)",
				);
				INFOPLIST_FILE = CarsAppTests/Info.plist;
				LD_RUNPATH_SEARCH_PATHS = "$(inherited) @executable_path/Frameworks @loader_path/Frameworks";
				PRODUCT_NAME = "$(TARGET_NAME)";
				TEST_HOST = "$(BUILT_PRODUCTS_DIR)/CarsApp.app/CarsApp";
			};
			name = Release;
		};
/* End XCBuildConfiguration section */

/* Begin XCConfigurationList section */
		D406165F1A1D4B8A0061F951 /* Build configuration list for PBXProject "CarsApp" */ = {
			isa = XCConfigurationList;
			buildConfigurations = (
				D40616841A1D4B8A0061F951 /* Debug */,
				D40616851A1D4B8A0061F951 /* Release */,
			);
			defaultConfigurationIsVisible = 0;
			defaultConfigurationName = Release;
		};
		D40616861A1D4B8A0061F951 /* Build configuration list for PBXNativeTarget "CarsApp" */ = {
			isa = XCConfigurationList;
			buildConfigurations = (
				D40616871A1D4B8A0061F951 /* Debug */,
				D40616881A1D4B8A0061F951 /* Release */,
			);
			defaultConfigurationIsVisible = 0;
			defaultConfigurationName = Release;
		};
		D40616891A1D4B8A0061F951 /* Build configuration list for PBXNativeTarget "CarsAppTests" */ = {
			isa = XCConfigurationList;
			buildConfigurations = (
				D406168A1A1D4B8A0061F951 /* Debug */,
				D406168B1A1D4B8A0061F951 /* Release */,
			);
			defaultConfigurationIsVisible = 0;
			defaultConfigurationName = Release;
		};
/* End XCConfigurationList section */

/* Begin XCVersionGroup section */
		D406166B1A1D4B8A0061F951 /* CarsApp.xcdatamodeld */ = {
			isa = XCVersionGroup;
			children = (
				D406166C1A1D4B8A0061F951 /* CarsApp.xcdatamodel */,
			);
			currentVersion = D406166C1A1D4B8A0061F951 /* CarsApp.xcdatamodel */;
			path = CarsApp.xcdatamodeld;
			sourceTree = "<group>";
			versionGroupType = wrapper.xcdatamodel;
		};
/* End XCVersionGroup section */
	};
	rootObject = D406165C1A1D4B8A0061F951 /* Project object */;
}
